
Microsoft Visual Studio Solution File, Format Version 12.00
# Visual Studio Version 16
VisualStudioVersion = 16.0.29905.134
MinimumVisualStudioVersion = 10.0.40219.1
Project("{FAE04EC0-301F-11D3-BF4B-00C04F79EFBC}") = "ChessGame", "ChessGame\ChessGame.csproj", "{C4D9CC47-F201-4B49-B7BE-8113023D37ED}"
EndProject
Global
	GlobalSection(SolutionConfigurationPlatforms) = preSolution
		Debug|Any CPU = Debug|Any CPU
		Release|Any CPU = Release|Any CPU
	EndGlobalSection
	GlobalSection(ProjectConfigurationPlatforms) = postSolution
		{C4D9CC47-F201-4B49-B7BE-8113023D37ED}.Debug|Any CPU.ActiveCfg = Debug|Any CPU
		{C4D9CC47-F201-4B49-B7BE-8113023D37ED}.Debug|Any CPU.Build.0 = Debug|Any CPU
		{C4D9CC47-F201-4B49-B7BE-8113023D37ED}.Release|Any CPU.ActiveCfg = Release|Any CPU
		{C4D9CC47-F201-4B49-B7BE-8113023D37ED}.Release|Any CPU.Build.0 = Release|Any CPU
	EndGlobalSection
	GlobalSection(SolutionProperties) = preSolution
		HideSolutionNode = FALSE
	EndGlobalSection
	GlobalSection(ExtensibilityGlobals) = postSolution
		SolutionGuid = {B7EA7C48-1649-4B93-BB87-46FB2CC97C5F}
	EndGlobalSection
EndGlobal
